<?xml version="1.0" encoding="utf-8"?>
<Project ToolsVersion="4.0" xmlns="http://schemas.microsoft.com/developer/msbuild/2003">
  <ItemGroup>
    <Filter Include="Source Files">
      <UniqueIdentifier>{4FC737F1-C7A5-4376-A066-2A32D752A2FF}</UniqueIdentifier>
      <Extensions>cpp;c;cc;cxx;c++;cppm;ixx;def;odl;idl;hpj;bat;asm;asmx</Extensions>
    </Filter>
    <Filter Include="Header Files">
      <UniqueIdentifier>{93995380-89BD-4b04-88EB-625FBE52EBFB}</UniqueIdentifier>
      <Extensions>h;hh;hpp;hxx;h++;hm;inl;inc;ipp;xsd</Extensions>
    </Filter>
    <Filter Include="Resource Files">
      <UniqueIdentifier>{67DA6AB6-F800-4c08-8B7A-83BB121AAD01}</UniqueIdentifier>
      <Extensions>rc;ico;cur;bmp;dlg;rc2;rct;bin;rgs;gif;jpg;jpeg;jpe;resx;tiff;tif;png;wav;mfcribbon-ms</Extensions>
    </Filter>
    <Filter Include="Header Files\Douglas_Peucker">
      <UniqueIdentifier>{72c03c7f-4e66-444e-8e0e-dc6b6b43b822}</UniqueIdentifier>
    </Filter>
    <Filter Include="Source Files\Douglas_Peucker">
      <UniqueIdentifier>{de7c3080-a849-4115-934a-1023efce83da}</UniqueIdentifier>
    </Filter>
    <Filter Include="Header Files\file_handling">
      <UniqueIdentifier>{5d9116ba-d209-4551-a9fb-c2bd25a432c6}</UniqueIdentifier>
    </Filter>
    <Filter Include="Source Files\file_handling">
      <UniqueIdentifier>{2216cbfa-4a5a-4bb8-9ab1-0e34b9758432}</UniqueIdentifier>
    </Filter>
    <Filter Include="Source Files\data">
      <UniqueIdentifier>{d86eb867-34dc-4b23-9a32-2f66bd6a8acc}</UniqueIdentifier>
    </Filter>
    <Filter Include="Source Files\process">
      <UniqueIdentifier>{56e2ba1e-4845-4c95-8d3e-e84d79fffd9b}</UniqueIdentifier>
    </Filter>
  </ItemGroup>
  <ItemGroup>
    <ClCompile Include="KUKAGeneratorTest.cpp">
      <Filter>Source Files</Filter>
    </ClCompile>
    <ClCompile Include="pch.cpp">
      <Filter>Source Files</Filter>
    </ClCompile>
    <ClCompile Include="Douglas_Peucker\Line3DTest.cpp">
      <Filter>Source Files\Douglas_Peucker</Filter>
    </ClCompile>
    <ClCompile Include="Douglas_Peucker\DPTest.cpp">
      <Filter>Source Files\Douglas_Peucker</Filter>
    </ClCompile>
    <ClCompile Include="file_handling\ToLineFileReaderTest.cpp">
      <Filter>Source Files\file_handling</Filter>
    </ClCompile>
    <ClCompile Include="file_handling\TestToLineFileReaderCallback.cpp">
      <Filter>Source Files\file_handling</Filter>
    </ClCompile>
    <ClCompile Include="data\StringToDataRowConverterTest.cpp">
      <Filter>Source Files\data</Filter>
    </ClCompile>
    <ClCompile Include="process\OutputToKUKASrcFileProcessStepTest.cpp">
      <Filter>Source Files\process</Filter>
    </ClCompile>
    <ClCompile Include="file_handling\TestOutputToFileCallback.cpp">
      <Filter>Source Files\file_handling</Filter>
    </ClCompile>
  </ItemGroup>
  <ItemGroup>
    <ClInclude Include="pch.h">
      <Filter>Header Files</Filter>
    </ClInclude>
    <ClInclude Include="file_handling\TestToLineFileReaderCallback.h">
      <Filter>Header Files\file_handling</Filter>
    </ClInclude>
    <ClInclude Include="file_handling\TestOutputToFileCallback.h">
      <Filter>Header Files\file_handling</Filter>
    </ClInclude>
  </ItemGroup>
</Project>