<?xml version="1.0" encoding="utf-8"?>
<Project ToolsVersion="4.0" xmlns="http://schemas.microsoft.com/developer/msbuild/2003">
  <ItemGroup>
    <Filter Include="Source Files">
      <UniqueIdentifier>{4FC737F1-C7A5-4376-A066-2A32D752A2FF}</UniqueIdentifier>
      <Extensions>cpp;c;cc;cxx;c++;cppm;ixx;def;odl;idl;hpj;bat;asm;asmx</Extensions>
    </Filter>
    <Filter Include="Header Files">
      <UniqueIdentifier>{93995380-89BD-4b04-88EB-625FBE52EBFB}</UniqueIdentifier>
      <Extensions>h;hh;hpp;hxx;h++;hm;inl;inc;ipp;xsd</Extensions>
    </Filter>
    <Filter Include="Resource Files">
      <UniqueIdentifier>{67DA6AB6-F800-4c08-8B7A-83BB121AAD01}</UniqueIdentifier>
      <Extensions>rc;ico;cur;bmp;dlg;rc2;rct;bin;rgs;gif;jpg;jpeg;jpe;resx;tiff;tif;png;wav;mfcribbon-ms</Extensions>
    </Filter>
    <Filter Include="Header Files\data">
      <UniqueIdentifier>{dfab9e9e-12f5-4010-bc04-0483904bd3ab}</UniqueIdentifier>
    </Filter>
    <Filter Include="Header Files\file_handling">
      <UniqueIdentifier>{cfbab5c9-8e92-4cd6-841f-f933347848d6}</UniqueIdentifier>
    </Filter>
    <Filter Include="Header Files\math">
      <UniqueIdentifier>{78e35169-4f10-4373-8ee0-ca5a77b8c9e1}</UniqueIdentifier>
    </Filter>
    <Filter Include="Header Files\process">
      <UniqueIdentifier>{3b7b530b-c98c-4e68-b85a-4294d62533b5}</UniqueIdentifier>
    </Filter>
    <Filter Include="Source Files\data">
      <UniqueIdentifier>{bfeba6f9-ee40-4ac1-8b4d-b8b07236385c}</UniqueIdentifier>
    </Filter>
    <Filter Include="Source Files\file_handling">
      <UniqueIdentifier>{a52c2538-4b4b-435d-8cdf-737753a669a2}</UniqueIdentifier>
    </Filter>
    <Filter Include="Source Files\math">
      <UniqueIdentifier>{906bdcb2-4b30-4b9a-ae6d-1494cb17ae40}</UniqueIdentifier>
    </Filter>
    <Filter Include="Source Files\process">
      <UniqueIdentifier>{fa27c247-7107-49cb-81e5-ee2fb9883a33}</UniqueIdentifier>
    </Filter>
    <Filter Include="Header Files\Douglas_Peucker">
      <UniqueIdentifier>{f785b583-9b74-41b4-9c23-44b799d05079}</UniqueIdentifier>
    </Filter>
    <Filter Include="Source Files\Douglas_Peucker">
      <UniqueIdentifier>{fee34d2e-044a-4110-9863-4876cdcc2124}</UniqueIdentifier>
    </Filter>
    <Filter Include="Header Files\Bitmap for testing">
      <UniqueIdentifier>{33273c23-9def-4cb4-94d3-ad3ef481f4e3}</UniqueIdentifier>
    </Filter>
    <Filter Include="Source Files\Bitmap for testing">
      <UniqueIdentifier>{0d132cbc-02d2-4d45-816e-6e12c43c7ca1}</UniqueIdentifier>
    </Filter>
    <Filter Include="Header Files\userinterface">
      <UniqueIdentifier>{89ec3a6d-3e9c-4ba6-8c83-e2f39a53943c}</UniqueIdentifier>
    </Filter>
    <Filter Include="Source Files\userinterface">
      <UniqueIdentifier>{8173d0ce-4a7e-4cd2-a54d-925d953d2430}</UniqueIdentifier>
    </Filter>
    <Filter Include="Header Files\graphics">
      <UniqueIdentifier>{11b3bf3d-9d65-48a8-bd11-c162fb0ec5d7}</UniqueIdentifier>
    </Filter>
    <Filter Include="Source Files\graphics">
      <UniqueIdentifier>{badce627-228a-4870-8c3e-81f9bfd51288}</UniqueIdentifier>
    </Filter>
    <Filter Include="Header Files\velocity">
      <UniqueIdentifier>{3bb7ddc2-2337-4cd6-aef7-a864e5665d49}</UniqueIdentifier>
    </Filter>
    <Filter Include="Source Files\velocity">
      <UniqueIdentifier>{0818a7ba-2430-4477-8cdf-146a16260ec9}</UniqueIdentifier>
    </Filter>
  </ItemGroup>
  <ItemGroup>
    <ClInclude Include="data\DataRow.h">
      <Filter>Header Files\data</Filter>
    </ClInclude>
    <ClInclude Include="data\StringToDataRowConverter.h">
      <Filter>Header Files\data</Filter>
    </ClInclude>
    <ClInclude Include="file_handling\IToLineFileReaderCallback.h">
      <Filter>Header Files\file_handling</Filter>
    </ClInclude>
    <ClInclude Include="file_handling\ToLineFileReader.h">
      <Filter>Header Files\file_handling</Filter>
    </ClInclude>
    <ClInclude Include="math\Matrix3x3f.h">
      <Filter>Header Files\math</Filter>
    </ClInclude>
    <ClInclude Include="math\Vector3f.h">
      <Filter>Header Files\math</Filter>
    </ClInclude>
    <ClInclude Include="process\ExampleProcessStep.h">
      <Filter>Header Files\process</Filter>
    </ClInclude>
    <ClInclude Include="process\IProcessStep.h">
      <Filter>Header Files\process</Filter>
    </ClInclude>
    <ClInclude Include="process\LoadInputFileProcessStep.h">
      <Filter>Header Files\process</Filter>
    </ClInclude>
    <ClInclude Include="process\ProcessContext.h">
      <Filter>Header Files\process</Filter>
    </ClInclude>
    <ClInclude Include="Bitmap for testing\BmpHandler.h">
      <Filter>Header Files\Bitmap for testing</Filter>
    </ClInclude>
    <ClInclude Include="Bitmap for testing\bitmap_image.h">
      <Filter>Header Files\Bitmap for testing</Filter>
    </ClInclude>
    <ClInclude Include="Douglas_Peucker\Line3D.h">
      <Filter>Header Files\Douglas_Peucker</Filter>
    </ClInclude>
    <ClInclude Include="process\CopyFilterProcessStep.h">
      <Filter>Header Files\process</Filter>
    </ClInclude>
    <ClInclude Include="Douglas_Peucker\DP.h">
      <Filter>Header Files\Douglas_Peucker</Filter>
    </ClInclude>
    <ClInclude Include="userinterface\userinterface.h">
      <Filter>Header Files\userinterface</Filter>
    </ClInclude>
    <ClInclude Include="graphics\graphics.h">
      <Filter>Header Files\graphics</Filter>
    </ClInclude>
    <ClInclude Include="process\OutputToKUKASrcFileProcessStep.h">
      <Filter>Header Files\process</Filter>
    </ClInclude>
    <ClInclude Include="velocity\velocity.h">
      <Filter>Header Files\velocity</Filter>
    </ClInclude>
    <ClInclude Include="math\float_math.h">
      <Filter>Header Files\math</Filter>
    </ClInclude>
    <ClInclude Include="file_handling\IOutputToFileCallback.h">
      <Filter>Header Files\file_handling</Filter>
    </ClInclude>
    <ClInclude Include="file_handling\OutputToFileCallback.h">
      <Filter>Header Files\file_handling</Filter>
    </ClInclude>
    <ClInclude Include="math\Vector3d.h">
      <Filter>Header Files\math</Filter>
    </ClInclude>
    <ClInclude Include="math\Matrix3x3d.h">
      <Filter>Header Files\math</Filter>
    </ClInclude>
    <ClInclude Include="process\FilterOrientationProcessStep.h">
      <Filter>Header Files\process</Filter>
    </ClInclude>
  </ItemGroup>
  <ItemGroup>
    <ClCompile Include="process\ExampleProcessStep.cpp">
      <Filter>Source Files\process</Filter>
    </ClCompile>
    <ClCompile Include="process\LoadInputFileProcessStep.cpp">
      <Filter>Source Files\process</Filter>
    </ClCompile>
    <ClCompile Include="file_handling\ToLineFileReader.cpp">
      <Filter>Source Files\file_handling</Filter>
    </ClCompile>
    <ClCompile Include="data\StringToDataRowConverter.cpp">
      <Filter>Source Files\data</Filter>
    </ClCompile>
    <ClCompile Include="main.cpp">
      <Filter>Source Files</Filter>
    </ClCompile>
    <ClCompile Include="Douglas_Peucker\DP.cpp">
      <Filter>Source Files\Douglas_Peucker</Filter>
    </ClCompile>
    <ClCompile Include="math\Vector3f.cpp">
      <Filter>Source Files\math</Filter>
    </ClCompile>
    <ClCompile Include="Bitmap for testing\BmpHandler.cpp">
      <Filter>Source Files\Bitmap for testing</Filter>
    </ClCompile>
    <ClCompile Include="Douglas_Peucker\Line3D.cpp">
      <Filter>Source Files\Douglas_Peucker</Filter>
    </ClCompile>
    <ClCompile Include="process\CopyFilterProcessStep.cpp">
      <Filter>Source Files\process</Filter>
    </ClCompile>
    <ClCompile Include="userinterface\userinterface.cpp">
      <Filter>Source Files\userinterface</Filter>
    </ClCompile>
    <ClCompile Include="graphics\graphics.cpp">
      <Filter>Source Files\graphics</Filter>
    </ClCompile>
    <ClCompile Include="process\OutputToKUKASrcFileProcessStep.cpp">
      <Filter>Source Files\process</Filter>
    </ClCompile>
    <ClCompile Include="velocity\velocity.cpp">
      <Filter>Source Files\velocity</Filter>
    </ClCompile>
    <ClCompile Include="math\float_math.cpp">
      <Filter>Source Files\math</Filter>
    </ClCompile>
    <ClCompile Include="file_handling\OutputToFileCallback.cpp">
      <Filter>Source Files\file_handling</Filter>
    </ClCompile>
    <ClCompile Include="math\Vector3d.cpp">
      <Filter>Source Files\math</Filter>
    </ClCompile>
    <ClCompile Include="process\FilterOrientationProcessStep.cpp">
      <Filter>Source Files\process</Filter>
    </ClCompile>
  </ItemGroup>
</Project>